
Microsoft Visual Studio Solution File, Format Version 12.00
# Visual Studio Version 16
VisualStudioVersion = 16.0.31613.86
MinimumVisualStudioVersion = 10.0.40219.1
Project("{FAE04EC0-301F-11D3-BF4B-00C04F79EFBC}") = "PrestamoUI", "PrestamoUI\PrestamoUI.csproj", "{50D53C2C-CE28-4EAE-AE9F-0355F033BEE2}"
EndProject
Project("{FAE04EC0-301F-11D3-BF4B-00C04F79EFBC}") = "PrestamoModels", "PrestamoModels\PrestamoModels.csproj", "{683615A2-14FA-40DD-9D90-C912D4FAD86D}"
EndProject
Project("{FAE04EC0-301F-11D3-BF4B-00C04F79EFBC}") = "PrestamoData", "PrestamoData\PrestamoData.csproj", "{EEA3E4B8-8D7B-4450-AD0A-20067FAB0973}"
EndProject
Project("{FAE04EC0-301F-11D3-BF4B-00C04F79EFBC}") = "PrestamoAPI", "PrestamoAPI\PrestamoAPI.csproj", "{B8AA083E-488B-45B8-996C-FC932B6BAE95}"
EndProject
Global
	GlobalSection(SolutionConfigurationPlatforms) = preSolution
		Debug|Any CPU = Debug|Any CPU
		Release|Any CPU = Release|Any CPU
	EndGlobalSection
	GlobalSection(ProjectConfigurationPlatforms) = postSolution
		{50D53C2C-CE28-4EAE-AE9F-0355F033BEE2}.Debug|Any CPU.ActiveCfg = Debug|Any CPU
		{50D53C2C-CE28-4EAE-AE9F-0355F033BEE2}.Debug|Any CPU.Build.0 = Debug|Any CPU
		{50D53C2C-CE28-4EAE-AE9F-0355F033BEE2}.Release|Any CPU.ActiveCfg = Release|Any CPU
		{50D53C2C-CE28-4EAE-AE9F-0355F033BEE2}.Release|Any CPU.Build.0 = Release|Any CPU
		{683615A2-14FA-40DD-9D90-C912D4FAD86D}.Debug|Any CPU.ActiveCfg = Debug|Any CPU
		{683615A2-14FA-40DD-9D90-C912D4FAD86D}.Debug|Any CPU.Build.0 = Debug|Any CPU
		{683615A2-14FA-40DD-9D90-C912D4FAD86D}.Release|Any CPU.ActiveCfg = Release|Any CPU
		{683615A2-14FA-40DD-9D90-C912D4FAD86D}.Release|Any CPU.Build.0 = Release|Any CPU
		{EEA3E4B8-8D7B-4450-AD0A-20067FAB0973}.Debug|Any CPU.ActiveCfg = Debug|Any CPU
		{EEA3E4B8-8D7B-4450-AD0A-20067FAB0973}.Debug|Any CPU.Build.0 = Debug|Any CPU
		{EEA3E4B8-8D7B-4450-AD0A-20067FAB0973}.Release|Any CPU.ActiveCfg = Release|Any CPU
		{EEA3E4B8-8D7B-4450-AD0A-20067FAB0973}.Release|Any CPU.Build.0 = Release|Any CPU
		{B8AA083E-488B-45B8-996C-FC932B6BAE95}.Debug|Any CPU.ActiveCfg = Debug|Any CPU
		{B8AA083E-488B-45B8-996C-FC932B6BAE95}.Debug|Any CPU.Build.0 = Debug|Any CPU
		{B8AA083E-488B-45B8-996C-FC932B6BAE95}.Release|Any CPU.ActiveCfg = Release|Any CPU
		{B8AA083E-488B-45B8-996C-FC932B6BAE95}.Release|Any CPU.Build.0 = Release|Any CPU
	EndGlobalSection
	GlobalSection(SolutionProperties) = preSolution
		HideSolutionNode = FALSE
	EndGlobalSection
	GlobalSection(ExtensibilityGlobals) = postSolution
		SolutionGuid = {51783A53-2E13-4A29-9705-50E5A509D37F}
	EndGlobalSection
EndGlobal
